# This file is automatically @generated by Cargo.
# It is not intended for manual editing.
version = 4

[[package]]
name = "raccord-audio"
version = "0.1.0"
dependencies = [
 "raccord-time",
]

[[package]]
name = "raccord-cache"
version = "0.1.0"
dependencies = [
 "raccord-media",
]

[[package]]
name = "raccord-cli"
version = "0.1.0"
dependencies = [
 "raccord-runtime",
]

[[package]]
name = "raccord-compositor"
version = "0.1.0"
dependencies = [
 "raccord-ir",
 "raccord-media",
 "raccord-time",
]

[[package]]
name = "raccord-constraints"
version = "0.1.0"
dependencies = [
 "raccord-ir",
 "raccord-timeline",
]

[[package]]
name = "raccord-ir"
version = "0.1.0"
dependencies = [
 "raccord-time",
]

[[package]]
name = "raccord-media"
version = "0.1.0"
dependencies = [
 "raccord-time",
]

[[package]]
name = "raccord-planner"
version = "0.1.0"
dependencies = [
 "raccord-audio",
 "raccord-cache",
 "raccord-compositor",
 "raccord-constraints",
 "raccord-ir",
 "raccord-media",
 "raccord-time",
 "raccord-timeline",
]

[[package]]
name = "raccord-rmap"
version = "0.1.0"
dependencies = [
 "raccord-media",
 "raccord-time",
]

[[package]]
name = "raccord-runtime"
version = "0.1.0"
dependencies = [
 "raccord-cache",
 "raccord-ir",
 "raccord-planner",
 "raccord-rmap",
]

[[package]]
name = "raccord-server"
version = "0.1.0"
dependencies = [
 "raccord-runtime",
]

[[package]]
name = "raccord-time"
version = "0.1.0"

[[package]]
name = "raccord-timeline"
version = "0.1.0"
dependencies = [
 "raccord-ir",
 "raccord-time",
]
